
Microsoft Visual Studio Solution File, Format Version 12.00
# Visual Studio Version 17
VisualStudioVersion = 17.2.32526.322
MinimumVisualStudioVersion = 10.0.40219.1
Project("{FAE04EC0-301F-11D3-BF4B-00C04F79EFBC}") = "FantasyStock", "FantasyStock\FantasyStock.csproj", "{6C02D357-3CE2-48AE-95F2-02E6EF2581AD}"
EndProject
Global
	GlobalSection(SolutionConfigurationPlatforms) = preSolution
		Debug|Any CPU = Debug|Any CPU
		Release|Any CPU = Release|Any CPU
	EndGlobalSection
	GlobalSection(ProjectConfigurationPlatforms) = postSolution
		{6C02D357-3CE2-48AE-95F2-02E6EF2581AD}.Debug|Any CPU.ActiveCfg = Debug|Any CPU
		{6C02D357-3CE2-48AE-95F2-02E6EF2581AD}.Debug|Any CPU.Build.0 = Debug|Any CPU
		{6C02D357-3CE2-48AE-95F2-02E6EF2581AD}.Release|Any CPU.ActiveCfg = Release|Any CPU
		{6C02D357-3CE2-48AE-95F2-02E6EF2581AD}.Release|Any CPU.Build.0 = Release|Any CPU
	EndGlobalSection
	GlobalSection(SolutionProperties) = preSolution
		HideSolutionNode = FALSE
	EndGlobalSection
	GlobalSection(ExtensibilityGlobals) = postSolution
		SolutionGuid = {8262450C-E5ED-4571-BD83-0D8A99302C68}
	EndGlobalSection
EndGlobal
